
Microsoft Visual Studio Solution File, Format Version 12.00
# Visual Studio 15
VisualStudioVersion = 15.0.27130.0
MinimumVisualStudioVersion = 10.0.40219.1
Project("{FAE04EC0-301F-11D3-BF4B-00C04F79EFBC}") = "Trainings", "Trainings\Trainings.csproj", "{1FAB7B25-F3EC-43D7-9C54-CF3D3E14757D}"
EndProject
Global
	GlobalSection(SolutionConfigurationPlatforms) = preSolution
		Debug|Any CPU = Debug|Any CPU
		Release|Any CPU = Release|Any CPU
	EndGlobalSection
	GlobalSection(ProjectConfigurationPlatforms) = postSolution
		{1FAB7B25-F3EC-43D7-9C54-CF3D3E14757D}.Debug|Any CPU.ActiveCfg = Debug|Any CPU
		{1FAB7B25-F3EC-43D7-9C54-CF3D3E14757D}.Debug|Any CPU.Build.0 = Debug|Any CPU
		{1FAB7B25-F3EC-43D7-9C54-CF3D3E14757D}.Release|Any CPU.ActiveCfg = Release|Any CPU
		{1FAB7B25-F3EC-43D7-9C54-CF3D3E14757D}.Release|Any CPU.Build.0 = Release|Any CPU
	EndGlobalSection
	GlobalSection(SolutionProperties) = preSolution
		HideSolutionNode = FALSE
	EndGlobalSection
	GlobalSection(ExtensibilityGlobals) = postSolution
		SolutionGuid = {DB738973-4D26-40DB-84EC-35AA6DA6BE8E}
	EndGlobalSection
EndGlobal
